// !$*UTF8*$!
{
	archiveVersion = 1;
	classes = {
	};
	objectVersion = 46;
	objects = {

/* Begin PBXBuildFile section */
		73226DA41E78FA100067420D /* AddClassesController.swift in Sources */ = {isa = PBXBuildFile; fileRef = 73226DA31E78FA100067420D /* AddClassesController.swift */; };
		73226DB01E7C97080067420D /* ClassSelectorController.swift in Sources */ = {isa = PBXBuildFile; fileRef = 73226DAF1E7C97080067420D /* ClassSelectorController.swift */; };
		73613FE41E78E7B1008A913A /* Information.swift in Sources */ = {isa = PBXBuildFile; fileRef = 73613FE31E78E7B1008A913A /* Information.swift */; };
		7366FE251E22B41F003DF366 /* AppDelegate.swift in Sources */ = {isa = PBXBuildFile; fileRef = 7366FE241E22B41F003DF366 /* AppDelegate.swift */; };
		7366FE271E22B41F003DF366 /* FirstViewController.swift in Sources */ = {isa = PBXBuildFile; fileRef = 7366FE261E22B41F003DF366 /* FirstViewController.swift */; };
		7366FE291E22B41F003DF366 /* SecondViewController.swift in Sources */ = {isa = PBXBuildFile; fileRef = 7366FE281E22B41F003DF366 /* SecondViewController.swift */; };
		7366FE2C1E22B41F003DF366 /* Main.storyboard in Resources */ = {isa = PBXBuildFile; fileRef = 7366FE2A1E22B41F003DF366 /* Main.storyboard */; };
		7366FE2E1E22B41F003DF366 /* Assets.xcassets in Resources */ = {isa = PBXBuildFile; fileRef = 7366FE2D1E22B41F003DF366 /* Assets.xcassets */; };
		7366FE311E22B41F003DF366 /* LaunchScreen.storyboard in Resources */ = {isa = PBXBuildFile; fileRef = 7366FE2F1E22B41F003DF366 /* LaunchScreen.storyboard */; };
		7366FE3C1E22B41F003DF366 /* GPACalculatorTests.swift in Sources */ = {isa = PBXBuildFile; fileRef = 7366FE3B1E22B41F003DF366 /* GPACalculatorTests.swift */; };
		7366FE471E22B41F003DF366 /* GPACalculatorUITests.swift in Sources */ = {isa = PBXBuildFile; fileRef = 7366FE461E22B41F003DF366 /* GPACalculatorUITests.swift */; };
/* End PBXBuildFile section */

/* Begin PBXContainerItemProxy section */
		7366FE381E22B41F003DF366 /* PBXContainerItemProxy */ = {
			isa = PBXContainerItemProxy;
			containerPortal = 7366FE191E22B41F003DF366 /* Project object */;
			proxyType = 1;
			remoteGlobalIDString = 7366FE201E22B41F003DF366;
			remoteInfo = GPACalculator;
		};
		7366FE431E22B41F003DF366 /* PBXContainerItemProxy */ = {
			isa = PBXContainerItemProxy;
			containerPortal = 7366FE191E22B41F003DF366 /* Project object */;
			proxyType = 1;
			remoteGlobalIDString = 7366FE201E22B41F003DF366;
			remoteInfo = GPACalculator;
		};
/* End PBXContainerItemProxy section */

/* Begin PBXFileReference section */
		17EF64501E7D9368004FBF41 /* GPACalculator.entitlements */ = {isa = PBXFileReference; lastKnownFileType = text.plist.entitlements; path = GPACalculator.entitlements; sourceTree = "<group>"; };
		73226DA31E78FA100067420D /* AddClassesController.swift */ = {isa = PBXFileReference; fileEncoding = 4; lastKnownFileType = sourcecode.swift; path = AddClassesController.swift; sourceTree = "<group>"; };
		73226DAF1E7C97080067420D /* ClassSelectorController.swift */ = {isa = PBXFileReference; fileEncoding = 4; lastKnownFileType = sourcecode.swift; path = ClassSelectorController.swift; sourceTree = "<group>"; };
		73613FE31E78E7B1008A913A /* Information.swift */ = {isa = PBXFileReference; fileEncoding = 4; lastKnownFileType = sourcecode.swift; path = Information.swift; sourceTree = "<group>"; };
		7366FE211E22B41F003DF366 /* GPACalculator.app */ = {isa = PBXFileReference; explicitFileType = wrapper.application; includeInIndex = 0; path = GPACalculator.app; sourceTree = BUILT_PRODUCTS_DIR; };
		7366FE241E22B41F003DF366 /* AppDelegate.swift */ = {isa = PBXFileReference; lastKnownFileType = sourcecode.swift; path = AppDelegate.swift; sourceTree = "<group>"; };
		7366FE261E22B41F003DF366 /* FirstViewController.swift */ = {isa = PBXFileReference; lastKnownFileType = sourcecode.swift; path = FirstViewController.swift; sourceTree = "<group>"; };
		7366FE281E22B41F003DF366 /* SecondViewController.swift */ = {isa = PBXFileReference; lastKnownFileType = sourcecode.swift; path = SecondViewController.swift; sourceTree = "<group>"; };
		7366FE2B1E22B41F003DF366 /* Base */ = {isa = PBXFileReference; lastKnownFileType = file.storyboard; name = Base; path = Base.lproj/Main.storyboard; sourceTree = "<group>"; };
		7366FE2D1E22B41F003DF366 /* Assets.xcassets */ = {isa = PBXFileReference; lastKnownFileType = folder.assetcatalog; path = Assets.xcassets; sourceTree = "<group>"; };
		7366FE301E22B41F003DF366 /* Base */ = {isa = PBXFileReference; lastKnownFileType = file.storyboard; name = Base; path = Base.lproj/LaunchScreen.storyboard; sourceTree = "<group>"; };
		7366FE321E22B41F003DF366 /* Info.plist */ = {isa = PBXFileReference; lastKnownFileType = text.plist.xml; path = Info.plist; sourceTree = "<group>"; };
		7366FE371E22B41F003DF366 /* GPACalculatorTests.xctest */ = {isa = PBXFileReference; explicitFileType = wrapper.cfbundle; includeInIndex = 0; path = GPACalculatorTests.xctest; sourceTree = BUILT_PRODUCTS_DIR; };
		7366FE3B1E22B41F003DF366 /* GPACalculatorTests.swift */ = {isa = PBXFileReference; lastKnownFileType = sourcecode.swift; path = GPACalculatorTests.swift; sourceTree = "<group>"; };
		7366FE3D1E22B41F003DF366 /* Info.plist */ = {isa = PBXFileReference; lastKnownFileType = text.plist.xml; path = Info.plist; sourceTree = "<group>"; };
		7366FE421E22B41F003DF366 /* GPACalculatorUITests.xctest */ = {isa = PBXFileReference; explicitFileType = wrapper.cfbundle; includeInIndex = 0; path = GPACalculatorUITests.xctest; sourceTree = BUILT_PRODUCTS_DIR; };
		7366FE461E22B41F003DF366 /* GPACalculatorUITests.swift */ = {isa = PBXFileReference; lastKnownFileType = sourcecode.swift; path = GPACalculatorUITests.swift; sourceTree = "<group>"; };
		7366FE481E22B41F003DF366 /* Info.plist */ = {isa = PBXFileReference; lastKnownFileType = text.plist.xml; path = Info.plist; sourceTree = "<group>"; };
/* End PBXFileReference section */

/* Begin PBXFrameworksBuildPhase section */
		7366FE1E1E22B41F003DF366 /* Frameworks */ = {
			isa = PBXFrameworksBuildPhase;
			buildActionMask = 2147483647;
			files = (
			);
			runOnlyForDeploymentPostprocessing = 0;
		};
		7366FE341E22B41F003DF366 /* Frameworks */ = {
			isa = PBXFrameworksBuildPhase;
			buildActionMask = 2147483647;
			files = (
			);
			runOnlyForDeploymentPostprocessing = 0;
		};
		7366FE3F1E22B41F003DF366 /* Frameworks */ = {
			isa = PBXFrameworksBuildPhase;
			buildActionMask = 2147483647;
			files = (
			);
			runOnlyForDeploymentPostprocessing = 0;
		};
/* End PBXFrameworksBuildPhase section */

/* Begin PBXGroup section */
		7366FE181E22B41F003DF366 = {
			isa = PBXGroup;
			children = (
				7366FE231E22B41F003DF366 /* GPACalculator */,
				7366FE3A1E22B41F003DF366 /* GPACalculatorTests */,
				7366FE451E22B41F003DF366 /* GPACalculatorUITests */,
				7366FE221E22B41F003DF366 /* Products */,
			);
			sourceTree = "<group>";
		};
		7366FE221E22B41F003DF366 /* Products */ = {
			isa = PBXGroup;
			children = (
				7366FE211E22B41F003DF366 /* GPACalculator.app */,
				7366FE371E22B41F003DF366 /* GPACalculatorTests.xctest */,
				7366FE421E22B41F003DF366 /* GPACalculatorUITests.xctest */,
			);
			name = Products;
			sourceTree = "<group>";
		};
		7366FE231E22B41F003DF366 /* GPACalculator */ = {
			isa = PBXGroup;
			children = (
				17EF64501E7D9368004FBF41 /* GPACalculator.entitlements */,
				7366FE241E22B41F003DF366 /* AppDelegate.swift */,
				73613FE31E78E7B1008A913A /* Information.swift */,
				7366FE261E22B41F003DF366 /* FirstViewController.swift */,
				73226DA31E78FA100067420D /* AddClassesController.swift */,
				73226DAF1E7C97080067420D /* ClassSelectorController.swift */,
				7366FE281E22B41F003DF366 /* SecondViewController.swift */,
				7366FE2A1E22B41F003DF366 /* Main.storyboard */,
				7366FE2D1E22B41F003DF366 /* Assets.xcassets */,
				7366FE2F1E22B41F003DF366 /* LaunchScreen.storyboard */,
				7366FE321E22B41F003DF366 /* Info.plist */,
			);
			path = GPACalculator;
			sourceTree = "<group>";
		};
		7366FE3A1E22B41F003DF366 /* GPACalculatorTests */ = {
			isa = PBXGroup;
			children = (
				7366FE3B1E22B41F003DF366 /* GPACalculatorTests.swift */,
				7366FE3D1E22B41F003DF366 /* Info.plist */,
			);
			path = GPACalculatorTests;
			sourceTree = "<group>";
		};
		7366FE451E22B41F003DF366 /* GPACalculatorUITests */ = {
			isa = PBXGroup;
			children = (
				7366FE461E22B41F003DF366 /* GPACalculatorUITests.swift */,
				7366FE481E22B41F003DF366 /* Info.plist */,
			);
			path = GPACalculatorUITests;
			sourceTree = "<group>";
		};
/* End PBXGroup section */

/* Begin PBXNativeTarget section */
		7366FE201E22B41F003DF366 /* GPACalculator */ = {
			isa = PBXNativeTarget;
			buildConfigurationList = 7366FE4B1E22B41F003DF366 /* Build configuration list for PBXNativeTarget "GPACalculator" */;
			buildPhases = (
				7366FE1D1E22B41F003DF366 /* Sources */,
				7366FE1E1E22B41F003DF366 /* Frameworks */,
				7366FE1F1E22B41F003DF366 /* Resources */,
			);
			buildRules = (
			);
			dependencies = (
			);
			name = GPACalculator;
			productName = GPACalculator;
			productReference = 7366FE211E22B41F003DF366 /* GPACalculator.app */;
			productType = "com.apple.product-type.application";
		};
		7366FE361E22B41F003DF366 /* GPACalculatorTests */ = {
			isa = PBXNativeTarget;
			buildConfigurationList = 7366FE4E1E22B41F003DF366 /* Build configuration list for PBXNativeTarget "GPACalculatorTests" */;
			buildPhases = (
				7366FE331E22B41F003DF366 /* Sources */,
				7366FE341E22B41F003DF366 /* Frameworks */,
				7366FE351E22B41F003DF366 /* Resources */,
			);
			buildRules = (
			);
			dependencies = (
				7366FE391E22B41F003DF366 /* PBXTargetDependency */,
			);
			name = GPACalculatorTests;
			productName = GPACalculatorTests;
			productReference = 7366FE371E22B41F003DF366 /* GPACalculatorTests.xctest */;
			productType = "com.apple.product-type.bundle.unit-test";
		};
		7366FE411E22B41F003DF366 /* GPACalculatorUITests */ = {
			isa = PBXNativeTarget;
			buildConfigurationList = 7366FE511E22B41F003DF366 /* Build configuration list for PBXNativeTarget "GPACalculatorUITests" */;
			buildPhases = (
				7366FE3E1E22B41F003DF366 /* Sources */,
				7366FE3F1E22B41F003DF366 /* Frameworks */,
				7366FE401E22B41F003DF366 /* Resources */,
			);
			buildRules = (
			);
			dependencies = (
				7366FE441E22B41F003DF366 /* PBXTargetDependency */,
			);
			name = GPACalculatorUITests;
			productName = GPACalculatorUITests;
			productReference = 7366FE421E22B41F003DF366 /* GPACalculatorUITests.xctest */;
			productType = "com.apple.product-type.bundle.ui-testing";
		};
/* End PBXNativeTarget section */

/* Begin PBXProject section */
		7366FE191E22B41F003DF366 /* Project object */ = {
			isa = PBXProject;
			attributes = {
				LastSwiftUpdateCheck = 0810;
				LastUpgradeCheck = 0820;
				ORGANIZATIONNAME = "Animator Joe";
				TargetAttributes = {
					7366FE201E22B41F003DF366 = {
						CreatedOnToolsVersion = 8.1;
						DevelopmentTeam = M64HPXXUJF;
						LastSwiftMigration = 0810;
						ProvisioningStyle = Automatic;
						SystemCapabilities = {
							com.apple.iCloud = {
								enabled = 1;
							};
						};
					};
					7366FE361E22B41F003DF366 = {
						CreatedOnToolsVersion = 8.1;
						DevelopmentTeam = 9SR8L2XE3A;
						ProvisioningStyle = Automatic;
						TestTargetID = 7366FE201E22B41F003DF366;
					};
					7366FE411E22B41F003DF366 = {
						CreatedOnToolsVersion = 8.1;
						DevelopmentTeam = 9SR8L2XE3A;
						ProvisioningStyle = Automatic;
						TestTargetID = 7366FE201E22B41F003DF366;
					};
				};
			};
			buildConfigurationList = 7366FE1C1E22B41F003DF366 /* Build configuration list for PBXProject "GPACalculator" */;
			compatibilityVersion = "Xcode 3.2";
			developmentRegion = English;
			hasScannedForEncodings = 0;
			knownRegions = (
				en,
				Base,
			);
			mainGroup = 7366FE181E22B41F003DF366;
			productRefGroup = 7366FE221E22B41F003DF366 /* Products */;
			projectDirPath = "";
			projectRoot = "";
			targets = (
				7366FE201E22B41F003DF366 /* GPACalculator */,
				7366FE361E22B41F003DF366 /* GPACalculatorTests */,
				7366FE411E22B41F003DF366 /* GPACalculatorUITests */,
			);
		};
/* End PBXProject section */

/* Begin PBXResourcesBuildPhase section */
		7366FE1F1E22B41F003DF366 /* Resources */ = {
			isa = PBXResourcesBuildPhase;
			buildActionMask = 2147483647;
			files = (
				7366FE311E22B41F003DF366 /* LaunchScreen.storyboard in Resources */,
				7366FE2E1E22B41F003DF366 /* Assets.xcassets in Resources */,
				7366FE2C1E22B41F003DF366 /* Main.storyboard in Resources */,
			);
			runOnlyForDeploymentPostprocessing = 0;
		};
		7366FE351E22B41F003DF366 /* Resources */ = {
			isa = PBXResourcesBuildPhase;
			buildActionMask = 2147483647;
			files = (
			);
			runOnlyForDeploymentPostprocessing = 0;
		};
		7366FE401E22B41F003DF366 /* Resources */ = {
			isa = PBXResourcesBuildPhase;
			buildActionMask = 2147483647;
			files = (
			);
			runOnlyForDeploymentPostprocessing = 0;
		};
/* End PBXResourcesBuildPhase section */

/* Begin PBXSourcesBuildPhase section */
		7366FE1D1E22B41F003DF366 /* Sources */ = {
			isa = PBXSourcesBuildPhase;
			buildActionMask = 2147483647;
			files = (
				73226DB01E7C97080067420D /* ClassSelectorController.swift in Sources */,
				7366FE291E22B41F003DF366 /* SecondViewController.swift in Sources */,
				73226DA41E78FA100067420D /* AddClassesController.swift in Sources */,
				73613FE41E78E7B1008A913A /* Information.swift in Sources */,
				7366FE251E22B41F003DF366 /* AppDelegate.swift in Sources */,
				7366FE271E22B41F003DF366 /* FirstViewController.swift in Sources */,
			);
			runOnlyForDeploymentPostprocessing = 0;
		};
		7366FE331E22B41F003DF366 /* Sources */ = {
			isa = PBXSourcesBuildPhase;
			buildActionMask = 2147483647;
			files = (
				7366FE3C1E22B41F003DF366 /* GPACalculatorTests.swift in Sources */,
			);
			runOnlyForDeploymentPostprocessing = 0;
		};
		7366FE3E1E22B41F003DF366 /* Sources */ = {
			isa = PBXSourcesBuildPhase;
			buildActionMask = 2147483647;
			files = (
				7366FE471E22B41F003DF366 /* GPACalculatorUITests.swift in Sources */,
			);
			runOnlyForDeploymentPostprocessing = 0;
		};
/* End PBXSourcesBuildPhase section */

/* Begin PBXTargetDependency section */
		7366FE391E22B41F003DF366 /* PBXTargetDependency */ = {
			isa = PBXTargetDependency;
			target = 7366FE201E22B41F003DF366 /* GPACalculator */;
			targetProxy = 7366FE381E22B41F003DF366 /* PBXContainerItemProxy */;
		};
		7366FE441E22B41F003DF366 /* PBXTargetDependency */ = {
			isa = PBXTargetDependency;
			target = 7366FE201E22B41F003DF366 /* GPACalculator */;
			targetProxy = 7366FE431E22B41F003DF366 /* PBXContainerItemProxy */;
		};
/* End PBXTargetDependency section */

/* Begin PBXVariantGroup section */
		7366FE2A1E22B41F003DF366 /* Main.storyboard */ = {
			isa = PBXVariantGroup;
			children = (
				7366FE2B1E22B41F003DF366 /* Base */,
			);
			name = Main.storyboard;
			sourceTree = "<group>";
		};
		7366FE2F1E22B41F003DF366 /* LaunchScreen.storyboard */ = {
			isa = PBXVariantGroup;
			children = (
				7366FE301E22B41F003DF366 /* Base */,
			);
			name = LaunchScreen.storyboard;
			sourceTree = "<group>";
		};
/* End PBXVariantGroup section */

/* Begin XCBuildConfiguration section */
		7366FE491E22B41F003DF366 /* Debug */ = {
			isa = XCBuildConfiguration;
			buildSettings = {
				ALWAYS_SEARCH_USER_PATHS = NO;
				CLANG_ANALYZER_NONNULL = YES;
				CLANG_CXX_LANGUAGE_STANDARD = "gnu++0x";
				CLANG_CXX_LIBRARY = "libc++";
				CLANG_ENABLE_MODULES = YES;
				CLANG_ENABLE_OBJC_ARC = YES;
				CLANG_WARN_BOOL_CONVERSION = YES;
				CLANG_WARN_CONSTANT_CONVERSION = YES;
				CLANG_WARN_DIRECT_OBJC_ISA_USAGE = YES_ERROR;
				CLANG_WARN_DOCUMENTATION_COMMENTS = YES;
				CLANG_WARN_EMPTY_BODY = YES;
				CLANG_WARN_ENUM_CONVERSION = YES;
				CLANG_WARN_INFINITE_RECURSION = YES;
				CLANG_WARN_INT_CONVERSION = YES;
				CLANG_WARN_OBJC_ROOT_CLASS = YES_ERROR;
				CLANG_WARN_SUSPICIOUS_MOVE = YES;
				CLANG_WARN_SUSPICIOUS_MOVES = YES;
				CLANG_WARN_UNREACHABLE_CODE = YES;
				CLANG_WARN__DUPLICATE_METHOD_MATCH = YES;
				"CODE_SIGN_IDENTITY[sdk=iphoneos*]" = "iPhone Developer";
				COPY_PHASE_STRIP = NO;
				DEBUG_INFORMATION_FORMAT = dwarf;
				ENABLE_STRICT_OBJC_MSGSEND = YES;
				ENABLE_TESTABILITY = YES;
				GCC_C_LANGUAGE_STANDARD = gnu99;
				GCC_DYNAMIC_NO_PIC = NO;
				GCC_NO_COMMON_BLOCKS = YES;
				GCC_OPTIMIZATION_LEVEL = 0;
				GCC_PREPROCESSOR_DEFINITIONS = (
					"DEBUG=1",
					"$(inherited)",
				);
				GCC_WARN_64_TO_32_BIT_CONVERSION = YES;
				GCC_WARN_ABOUT_RETURN_TYPE = YES_ERROR;
				GCC_WARN_UNDECLARED_SELECTOR = YES;
				GCC_WARN_UNINITIALIZED_AUTOS = YES_AGGRESSIVE;
				GCC_WARN_UNUSED_FUNCTION = YES;
				GCC_WARN_UNUSED_VARIABLE = YES;
				IPHONEOS_DEPLOYMENT_TARGET = 10.1;
				MTL_ENABLE_DEBUG_INFO = YES;
				ONLY_ACTIVE_ARCH = YES;
				SDKROOT = iphoneos;
				SWIFT_ACTIVE_COMPILATION_CONDITIONS = DEBUG;
				SWIFT_OPTIMIZATION_LEVEL = "-Onone";
				TARGETED_DEVICE_FAMILY = "1,2";
			};
			name = Debug;
		};
		7366FE4A1E22B41F003DF366 /* Release */ = {
			isa = XCBuildConfiguration;
			buildSettings = {
				ALWAYS_SEARCH_USER_PATHS = NO;
				CLANG_ANALYZER_NONNULL = YES;
				CLANG_CXX_LANGUAGE_STANDARD = "gnu++0x";
				CLANG_CXX_LIBRARY = "libc++";
				CLANG_ENABLE_MODULES = YES;
				CLANG_ENABLE_OBJC_ARC = YES;
				CLANG_WARN_BOOL_CONVERSION = YES;
				CLANG_WARN_CONSTANT_CONVERSION = YES;
				CLANG_WARN_DIRECT_OBJC_ISA_USAGE = YES_ERROR;
				CLANG_WARN_DOCUMENTATION_COMMENTS = YES;
				CLANG_WARN_EMPTY_BODY = YES;
				CLANG_WARN_ENUM_CONVERSION = YES;
				CLANG_WARN_INFINITE_RECURSION = YES;
				CLANG_WARN_INT_CONVERSION = YES;
				CLANG_WARN_OBJC_ROOT_CLASS = YES_ERROR;
				CLANG_WARN_SUSPICIOUS_MOVE = YES;
				CLANG_WARN_SUSPICIOUS_MOVES = YES;
				CLANG_WARN_UNREACHABLE_CODE = YES;
				CLANG_WARN__DUPLICATE_METHOD_MATCH = YES;
				"CODE_SIGN_IDENTITY[sdk=iphoneos*]" = "iPhone Developer";
				COPY_PHASE_STRIP = NO;
				DEBUG_INFORMATION_FORMAT = "dwarf-with-dsym";
				ENABLE_NS_ASSERTIONS = NO;
				ENABLE_STRICT_OBJC_MSGSEND = YES;
				GCC_C_LANGUAGE_STANDARD = gnu99;
				GCC_NO_COMMON_BLOCKS = YES;
				GCC_WARN_64_TO_32_BIT_CONVERSION = YES;
				GCC_WARN_ABOUT_RETURN_TYPE = YES_ERROR;
				GCC_WARN_UNDECLARED_SELECTOR = YES;
				GCC_WARN_UNINITIALIZED_AUTOS = YES_AGGRESSIVE;
				GCC_WARN_UNUSED_FUNCTION = YES;
				GCC_WARN_UNUSED_VARIABLE = YES;
				IPHONEOS_DEPLOYMENT_TARGET = 10.1;
				MTL_ENABLE_DEBUG_INFO = NO;
				SDKROOT = iphoneos;
				SWIFT_OPTIMIZATION_LEVEL = "-Owholemodule";
				TARGETED_DEVICE_FAMILY = "1,2";
				VALIDATE_PRODUCT = YES;
			};
			name = Release;
		};
		7366FE4C1E22B41F003DF366 /* Debug */ = {
			isa = XCBuildConfiguration;
			buildSettings = {
				ASSETCATALOG_COMPILER_APPICON_NAME = AppIcon;
				CLANG_ENABLE_MODULES = YES;
				CODE_SIGN_ENTITLEMENTS = GPACalculator/GPACalculator.entitlements;
				"CODE_SIGN_IDENTITY[sdk=iphoneos*]" = "iPhone Developer";
				DEVELOPMENT_TEAM = M64HPXXUJF;
				INFOPLIST_FILE = GPACalculator/Info.plist;
				LD_RUNPATH_SEARCH_PATHS = "$(inherited) @executable_path/Frameworks";
				PRODUCT_BUNDLE_IDENTIFIER = com.animatorjoe.GPACalculator;
				PRODUCT_NAME = "$(TARGET_NAME)";
				SWIFT_OPTIMIZATION_LEVEL = "-Onone";
				SWIFT_VERSION = 3.0;
			};
			name = Debug;
		};
		7366FE4D1E22B41F003DF366 /* Release */ = {
			isa = XCBuildConfiguration;
			buildSettings = {
				ASSETCATALOG_COMPILER_APPICON_NAME = AppIcon;
				CLANG_ENABLE_MODULES = YES;
				CODE_SIGN_ENTITLEMENTS = GPACalculator/GPACalculator.entitlements;
				"CODE_SIGN_IDENTITY[sdk=iphoneos*]" = "iPhone Developer";
				DEVELOPMENT_TEAM = M64HPXXUJF;
				INFOPLIST_FILE = GPACalculator/Info.plist;
				LD_RUNPATH_SEARCH_PATHS = "$(inherited) @executable_path/Frameworks";
				PRODUCT_BUNDLE_IDENTIFIER = com.animatorjoe.GPACalculator;
				PRODUCT_NAME = "$(TARGET_NAME)";
				SWIFT_VERSION = 3.0;
			};
			name = Release;
		};
		7366FE4F1E22B41F003DF366 /* Debug */ = {
			isa = XCBuildConfiguration;
			buildSettings = {
				ALWAYS_EMBED_SWIFT_STANDARD_LIBRARIES = YES;
				BUNDLE_LOADER = "$(TEST_HOST)";
				DEVELOPMENT_TEAM = 9SR8L2XE3A;
				INFOPLIST_FILE = GPACalculatorTests/Info.plist;
				LD_RUNPATH_SEARCH_PATHS = "$(inherited) @executable_path/Frameworks @loader_path/Frameworks";
				PRODUCT_BUNDLE_IDENTIFIER = com.animatorjoe.GPACalculatorTests;
				PRODUCT_NAME = "$(TARGET_NAME)";
				SWIFT_VERSION = 3.0;
				TEST_HOST = "$(BUILT_PRODUCTS_DIR)/GPACalculator.app/GPACalculator";
			};
			name = Debug;
		};
		7366FE501E22B41F003DF366 /* Release */ = {
			isa = XCBuildConfiguration;
			buildSettings = {
				ALWAYS_EMBED_SWIFT_STANDARD_LIBRARIES = YES;
				BUNDLE_LOADER = "$(TEST_HOST)";
				DEVELOPMENT_TEAM = 9SR8L2XE3A;
				INFOPLIST_FILE = GPACalculatorTests/Info.plist;
				LD_RUNPATH_SEARCH_PATHS = "$(inherited) @executable_path/Frameworks @loader_path/Frameworks";
				PRODUCT_BUNDLE_IDENTIFIER = com.animatorjoe.GPACalculatorTests;
				PRODUCT_NAME = "$(TARGET_NAME)";
				SWIFT_VERSION = 3.0;
				TEST_HOST = "$(BUILT_PRODUCTS_DIR)/GPACalculator.app/GPACalculator";
			};
			name = Release;
		};
		7366FE521E22B41F003DF366 /* Debug */ = {
			isa = XCBuildConfiguration;
			buildSettings = {
				ALWAYS_EMBED_SWIFT_STANDARD_LIBRARIES = YES;
				DEVELOPMENT_TEAM = 9SR8L2XE3A;
				INFOPLIST_FILE = GPACalculatorUITests/Info.plist;
				LD_RUNPATH_SEARCH_PATHS = "$(inherited) @executable_path/Frameworks @loader_path/Frameworks";
				PRODUCT_BUNDLE_IDENTIFIER = com.animatorjoe.GPACalculatorUITests;
				PRODUCT_NAME = "$(TARGET_NAME)";
				SWIFT_VERSION = 3.0;
				TEST_TARGET_NAME = GPACalculator;
			};
			name = Debug;
		};
		7366FE531E22B41F003DF366 /* Release */ = {
			isa = XCBuildConfiguration;
			buildSettings = {
				ALWAYS_EMBED_SWIFT_STANDARD_LIBRARIES = YES;
				DEVELOPMENT_TEAM = 9SR8L2XE3A;
				INFOPLIST_FILE = GPACalculatorUITests/Info.plist;
				LD_RUNPATH_SEARCH_PATHS = "$(inherited) @executable_path/Frameworks @loader_path/Frameworks";
				PRODUCT_BUNDLE_IDENTIFIER = com.animatorjoe.GPACalculatorUITests;
				PRODUCT_NAME = "$(TARGET_NAME)";
				SWIFT_VERSION = 3.0;
				TEST_TARGET_NAME = GPACalculator;
			};
			name = Release;
		};
/* End XCBuildConfiguration section */

/* Begin XCConfigurationList section */
		7366FE1C1E22B41F003DF366 /* Build configuration list for PBXProject "GPACalculator" */ = {
			isa = XCConfigurationList;
			buildConfigurations = (
				7366FE491E22B41F003DF366 /* Debug */,
				7366FE4A1E22B41F003DF366 /* Release */,
			);
			defaultConfigurationIsVisible = 0;
			defaultConfigurationName = Release;
		};
		7366FE4B1E22B41F003DF366 /* Build configuration list for PBXNativeTarget "GPACalculator" */ = {
			isa = XCConfigurationList;
			buildConfigurations = (
				7366FE4C1E22B41F003DF366 /* Debug */,
				7366FE4D1E22B41F003DF366 /* Release */,
			);
			defaultConfigurationIsVisible = 0;
			defaultConfigurationName = Release;
		};
		7366FE4E1E22B41F003DF366 /* Build configuration list for PBXNativeTarget "GPACalculatorTests" */ = {
			isa = XCConfigurationList;
			buildConfigurations = (
				7366FE4F1E22B41F003DF366 /* Debug */,
				7366FE501E22B41F003DF366 /* Release */,
			);
			defaultConfigurationIsVisible = 0;
			defaultConfigurationName = Release;
		};
		7366FE511E22B41F003DF366 /* Build configuration list for PBXNativeTarget "GPACalculatorUITests" */ = {
			isa = XCConfigurationList;
			buildConfigurations = (
				7366FE521E22B41F003DF366 /* Debug */,
				7366FE531E22B41F003DF366 /* Release */,
			);
			defaultConfigurationIsVisible = 0;
			defaultConfigurationName = Release;
		};
/* End XCConfigurationList section */
	};
	rootObject = 7366FE191E22B41F003DF366 /* Project object */;
}
